{
  "name": "nuts",
  "lockfileVersion": 3,
  "requires": true,
  "packages": {
    "": {
      "dependencies": {
        "@number-flow/react": "^0.6.0",
        "ky": "^2.0.1"
      }
    },
    "node_modules/@number-flow/react": {
      "version": "0.6.0",
      "resolved": "https://registry.npmjs.org/@number-flow/react/-/react-0.6.0.tgz",
      "integrity": "sha512-77Yfc9+zkV2UDSP8phhZzxJGuwxi/Tt1TikmipL+1r3e9GFKEYDZ1XwInj67NoSt3OnOB0KLvvcl3lfPZgBHVQ==",
      "license": "MIT",
      "dependencies": {
        "esm-env": "^1.1.4",
        "number-flow": "0.6.0"
      },
      "peerDependencies": {
        "react": "^18 || ^19",
        "react-dom": "^18 || ^19"
      }
    },
    "node_modules/esm-env": {
      "version": "1.2.2",
      "resolved": "https://registry.npmjs.org/esm-env/-/esm-env-1.2.2.tgz",
      "integrity": "sha512-Epxrv+Nr/CaL4ZcFGPJIYLWFom+YeV1DqMLHJoEd9SYRxNbaFruBwfEX/kkHUJf55j2+TUbmDcmuilbP1TmXHA==",
      "license": "MIT"
    },
    "node_modules/ky": {
      "version": "2.0.1",
      "resolved": "https://registry.npmjs.org/ky/-/ky-2.0.1.tgz",
      "integrity": "sha512-HJPEjEpQPZQ5M3G5eu90/LWZDwysCnvqcfbLvq9FUvfizBZRi58WEixswyyI32LOLcFQd43w7kcfgkCPFxDt/Q==",
      "license": "MIT",
      "engines": {
        "node": ">=22"
      },
      "funding": {
        "url": "https://github.com/sindresorhus/ky?sponsor=1"
      }
    },
    "node_modules/number-flow": {
      "version": "0.6.0",
      "resolved": "https://registry.npmjs.org/number-flow/-/number-flow-0.6.0.tgz",
      "integrity": "sha512-K8flNq2Wqus53vjp/btVo3qXFkagF8dIdYavreBfE7hlvFFG/b1HMGEH6nZL+mlrJ+4lbLP9OmPv3t2rmRkpSQ==",
      "license": "MIT",
      "dependencies": {
        "esm-env": "^1.1.4"
      }
    }
  }
}
